{
  "lockfileVersion": 1,
  "configVersion": 1,
  "workspaces": {
    "": {
      "name": "flashpack",
      "dependencies": {
        "@commaai/qdl": "github:commaai/qdl.js",
      },
      "devDependencies": {
        "@types/bun": "latest",
        "typescript": "^5.0.0",
      },
    },
  },
  "trustedDependencies": [
    "@commaai/qdl",
  ],
  "packages": {
    "@commaai/qdl": ["@commaai/qdl@github:commaai/qdl.js#d1e0683", { "dependencies": { "@incognitojam/tiny-struct": "https://npm.jsr.io/~/11/@jsr/incognitojam__tiny-struct/0.1.2.tgz", "arg": "^5.0.2", "crc-32": "^1.2.2", "fast-xml-parser": "^5.0.8", "usb": "^2.15.0" }, "peerDependencies": { "typescript": "^5.7.3" }, "bin": { "simg2img.js": "src/bin/simg2img.js", "qdl.js": "src/bin/qdl.js" } }, "commaai-qdl.js-d1e0683", "sha512-TeDDAfIrnmDbhE+HlMe73GZphxCD/MbQZB6hGOArYvcPb2sSGW9mir1mEFrY5tlz8b4sXzmtOCgckKsFShLEDw=="],

    "@incognitojam/tiny-struct": ["@jsr/incognitojam__tiny-struct@https://npm.jsr.io/~/11/@jsr/incognitojam__tiny-struct/0.1.2.tgz", { "dependencies": { "type-fest": "^4.37.0" } }, "sha512-5cogSpBsKV1gTuvrX72tcx5CuG/Ddi0+RO0ldw76WavR6DD/suCjnmfuDzIuleSZD4UGHBR7njBssyorpqnVgw=="],

    "@types/bun": ["@types/bun@1.3.11", "", { "dependencies": { "bun-types": "1.3.11" } }, "sha512-5vPne5QvtpjGpsGYXiFyycfpDF2ECyPcTSsFBMa0fraoxiQyMJ3SmuQIGhzPg2WJuWxVBoxWJ2kClYTcw/4fAg=="],

    "@types/node": ["@types/node@25.5.0", "", { "dependencies": { "undici-types": "~7.18.0" } }, "sha512-jp2P3tQMSxWugkCUKLRPVUpGaL5MVFwF8RDuSRztfwgN1wmqJeMSbKlnEtQqU8UrhTmzEmZdu2I6v2dpp7XIxw=="],

    "@types/w3c-web-usb": ["@types/w3c-web-usb@1.0.13", "", {}, "sha512-N2nSl3Xsx8mRHZBvMSdNGtzMyeleTvtlEw+ujujgXalPqOjIA6UtrqcB6OzyUjkTbDm3J7P1RNK1lgoO7jxtsw=="],

    "arg": ["arg@5.0.2", "", {}, "sha512-PYjyFOLKQ9y57JvQ6QLo8dAgNqswh8M1RMJYdQduT6xbWSgK36P/Z/v+p888pM69jMMfS8Xd8F6I1kQ/I9HUGg=="],

    "bun-types": ["bun-types@1.3.11", "", { "dependencies": { "@types/node": "*" } }, "sha512-1KGPpoxQWl9f6wcZh57LvrPIInQMn2TQ7jsgxqpRzg+l0QPOFvJVH7HmvHo/AiPgwXy+/Thf6Ov3EdVn1vOabg=="],

    "crc-32": ["crc-32@1.2.2", "", { "bin": { "crc32": "bin/crc32.njs" } }, "sha512-ROmzCKrTnOwybPcJApAA6WBWij23HVfGVNKqqrZpuyZOHqK2CwHSvpGuyt/UNNvaIjEd8X5IFGp4Mh+Ie1IHJQ=="],

    "fast-xml-builder": ["fast-xml-builder@1.1.4", "", { "dependencies": { "path-expression-matcher": "^1.1.3" } }, "sha512-f2jhpN4Eccy0/Uz9csxh3Nu6q4ErKxf0XIsasomfOihuSUa3/xw6w8dnOtCDgEItQFJG8KyXPzQXzcODDrrbOg=="],

    "fast-xml-parser": ["fast-xml-parser@5.5.9", "", { "dependencies": { "fast-xml-builder": "^1.1.4", "path-expression-matcher": "^1.2.0", "strnum": "^2.2.2" }, "bin": { "fxparser": "src/cli/cli.js" } }, "sha512-jldvxr1MC6rtiZKgrFnDSvT8xuH+eJqxqOBThUVjYrxssYTo1avZLGql5l0a0BAERR01CadYzZ83kVEkbyDg+g=="],

    "node-addon-api": ["node-addon-api@8.7.0", "", {}, "sha512-9MdFxmkKaOYVTV+XVRG8ArDwwQ77XIgIPyKASB1k3JPq3M8fGQQQE3YpMOrKm6g//Ktx8ivZr8xo1Qmtqub+GA=="],

    "node-gyp-build": ["node-gyp-build@4.8.4", "", { "bin": { "node-gyp-build": "bin.js", "node-gyp-build-optional": "optional.js", "node-gyp-build-test": "build-test.js" } }, "sha512-LA4ZjwlnUblHVgq0oBF3Jl/6h/Nvs5fzBLwdEF4nuxnFdsfajde4WfxtJr3CaiH+F6ewcIB/q4jQ4UzPyid+CQ=="],

    "path-expression-matcher": ["path-expression-matcher@1.2.0", "", {}, "sha512-DwmPWeFn+tq7TiyJ2CxezCAirXjFxvaiD03npak3cRjlP9+OjTmSy1EpIrEbh+l6JgUundniloMLDQ/6VTdhLQ=="],

    "strnum": ["strnum@2.2.2", "", {}, "sha512-DnR90I+jtXNSTXWdwrEy9FakW7UX+qUZg28gj5fk2vxxl7uS/3bpI4fjFYVmdK9etptYBPNkpahuQnEwhwECqA=="],

    "type-fest": ["type-fest@4.41.0", "", {}, "sha512-TeTSQ6H5YHvpqVwBRcnLDCBnDOHWYu7IvGbHT6N8AOymcr9PJGjc1GTtiWZTYg0NCgYwvnYWEkVChQAr9bjfwA=="],

    "typescript": ["typescript@5.9.3", "", { "bin": { "tsc": "bin/tsc", "tsserver": "bin/tsserver" } }, "sha512-jl1vZzPDinLr9eUt3J/t7V6FgNEw9QjvBPdysz9KfQDD41fQrC2Y4vKQdiaUpFT4bXlb1RHhLpp8wtm6M5TgSw=="],

    "undici-types": ["undici-types@7.18.2", "", {}, "sha512-AsuCzffGHJybSaRrmr5eHr81mwJU3kjw6M+uprWvCXiNeN9SOGwQ3Jn8jb8m3Z6izVgknn1R0FTCEAP2QrLY/w=="],

    "usb": ["usb@2.17.0", "", { "dependencies": { "@types/w3c-web-usb": "^1.0.6", "node-addon-api": "^8.0.0", "node-gyp-build": "^4.5.0" } }, "sha512-UuFgrlglgDn5ll6d5l7kl3nDb2Yx43qLUGcDq+7UNLZLtbNug0HZBb2Xodhgx2JZB1LqvU+dOGqLEeYUeZqsHg=="],
  }
}
